
Microsoft Visual Studio Solution File, Format Version 12.00
# Visual Studio Version 17
VisualStudioVersion = 17.0.31903.59
MinimumVisualStudioVersion = 10.0.40219.1
Project("{2150E333-8FDC-42A3-9474-1A3956D46DE8}") = "code-examples", "code-examples", "{030297B1-FA3D-4342-AA77-A31B737B90BD}"
EndProject
Project("{FAE04EC0-301F-11D3-BF4B-00C04F79EFBC}") = "patterns", "code-examples\patterns\patterns.csproj", "{BFFBAA71-FCED-43ED-95A2-B68CD5FA94EB}"
EndProject
Project("{2150E333-8FDC-42A3-9474-1A3956D46DE8}") = "WL-tests", "WL-tests", "{1C2B0C00-A15C-4EC6-B80E-1D6C3987D5C8}"
EndProject
Project("{FAE04EC0-301F-11D3-BF4B-00C04F79EFBC}") = "Link", "WL-tests\Link\Link.csproj", "{B8F934A4-8314-4183-9B59-6C61B5102E02}"
EndProject
Project("{FAE04EC0-301F-11D3-BF4B-00C04F79EFBC}") = "dynamic", "code-examples\dynamic\dynamic.csproj", "{41F365FB-5FC6-4605-AB24-B18C794B287A}"
EndProject
Project("{FAE04EC0-301F-11D3-BF4B-00C04F79EFBC}") = "delegates", "code-examples\delegates\delegates.csproj", "{ADA72D36-730B-4F74-A741-CAC81FE0816D}"
EndProject
Project("{FAE04EC0-301F-11D3-BF4B-00C04F79EFBC}") = "linq", "code-examples\linq\linq.csproj", "{F63ECF48-56A9-4794-B55E-A1BE3487284B}"
EndProject
Global
	GlobalSection(SolutionConfigurationPlatforms) = preSolution
		Debug|Any CPU = Debug|Any CPU
		Release|Any CPU = Release|Any CPU
	EndGlobalSection
	GlobalSection(SolutionProperties) = preSolution
		HideSolutionNode = FALSE
	EndGlobalSection
	GlobalSection(ProjectConfigurationPlatforms) = postSolution
		{BFFBAA71-FCED-43ED-95A2-B68CD5FA94EB}.Debug|Any CPU.ActiveCfg = Debug|Any CPU
		{BFFBAA71-FCED-43ED-95A2-B68CD5FA94EB}.Debug|Any CPU.Build.0 = Debug|Any CPU
		{BFFBAA71-FCED-43ED-95A2-B68CD5FA94EB}.Release|Any CPU.ActiveCfg = Release|Any CPU
		{BFFBAA71-FCED-43ED-95A2-B68CD5FA94EB}.Release|Any CPU.Build.0 = Release|Any CPU
		{B8F934A4-8314-4183-9B59-6C61B5102E02}.Debug|Any CPU.ActiveCfg = Debug|Any CPU
		{B8F934A4-8314-4183-9B59-6C61B5102E02}.Debug|Any CPU.Build.0 = Debug|Any CPU
		{B8F934A4-8314-4183-9B59-6C61B5102E02}.Release|Any CPU.ActiveCfg = Release|Any CPU
		{B8F934A4-8314-4183-9B59-6C61B5102E02}.Release|Any CPU.Build.0 = Release|Any CPU
		{41F365FB-5FC6-4605-AB24-B18C794B287A}.Debug|Any CPU.ActiveCfg = Debug|Any CPU
		{41F365FB-5FC6-4605-AB24-B18C794B287A}.Debug|Any CPU.Build.0 = Debug|Any CPU
		{41F365FB-5FC6-4605-AB24-B18C794B287A}.Release|Any CPU.ActiveCfg = Release|Any CPU
		{41F365FB-5FC6-4605-AB24-B18C794B287A}.Release|Any CPU.Build.0 = Release|Any CPU
		{ADA72D36-730B-4F74-A741-CAC81FE0816D}.Debug|Any CPU.ActiveCfg = Debug|Any CPU
		{ADA72D36-730B-4F74-A741-CAC81FE0816D}.Debug|Any CPU.Build.0 = Debug|Any CPU
		{ADA72D36-730B-4F74-A741-CAC81FE0816D}.Release|Any CPU.ActiveCfg = Release|Any CPU
		{ADA72D36-730B-4F74-A741-CAC81FE0816D}.Release|Any CPU.Build.0 = Release|Any CPU
		{F63ECF48-56A9-4794-B55E-A1BE3487284B}.Debug|Any CPU.ActiveCfg = Debug|Any CPU
		{F63ECF48-56A9-4794-B55E-A1BE3487284B}.Debug|Any CPU.Build.0 = Debug|Any CPU
		{F63ECF48-56A9-4794-B55E-A1BE3487284B}.Release|Any CPU.ActiveCfg = Release|Any CPU
		{F63ECF48-56A9-4794-B55E-A1BE3487284B}.Release|Any CPU.Build.0 = Release|Any CPU
	EndGlobalSection
	GlobalSection(NestedProjects) = preSolution
		{BFFBAA71-FCED-43ED-95A2-B68CD5FA94EB} = {030297B1-FA3D-4342-AA77-A31B737B90BD}
		{B8F934A4-8314-4183-9B59-6C61B5102E02} = {1C2B0C00-A15C-4EC6-B80E-1D6C3987D5C8}
		{41F365FB-5FC6-4605-AB24-B18C794B287A} = {030297B1-FA3D-4342-AA77-A31B737B90BD}
		{ADA72D36-730B-4F74-A741-CAC81FE0816D} = {030297B1-FA3D-4342-AA77-A31B737B90BD}
		{F63ECF48-56A9-4794-B55E-A1BE3487284B} = {030297B1-FA3D-4342-AA77-A31B737B90BD}
	EndGlobalSection
EndGlobal
